
Microsoft Visual Studio Solution File, Format Version 12.00
# Visual Studio Version 17
VisualStudioVersion = 17.7.34202.233
MinimumVisualStudioVersion = 10.0.40219.1
Project("{FAE04EC0-301F-11D3-BF4B-00C04F79EFBC}") = "Calabonga.AlbumManager", "Calabonga.AlbumManager\Calabonga.AlbumManager.csproj", "{8E882E93-84DE-45A1-9056-55830A90BCD9}"
EndProject
Project("{FAE04EC0-301F-11D3-BF4B-00C04F79EFBC}") = "Calabonga.AlbumManager.ConsoleApp", "Calabonga.AlbumManager.ConsoleApp\Calabonga.AlbumManager.ConsoleApp.csproj", "{01FCC9DB-370F-4523-9E69-DDA832112B94}"
EndProject
Global
	GlobalSection(SolutionConfigurationPlatforms) = preSolution
		Debug|Any CPU = Debug|Any CPU
		Release|Any CPU = Release|Any CPU
	EndGlobalSection
	GlobalSection(ProjectConfigurationPlatforms) = postSolution
		{8E882E93-84DE-45A1-9056-55830A90BCD9}.Debug|Any CPU.ActiveCfg = Debug|Any CPU
		{8E882E93-84DE-45A1-9056-55830A90BCD9}.Debug|Any CPU.Build.0 = Debug|Any CPU
		{8E882E93-84DE-45A1-9056-55830A90BCD9}.Release|Any CPU.ActiveCfg = Release|Any CPU
		{8E882E93-84DE-45A1-9056-55830A90BCD9}.Release|Any CPU.Build.0 = Release|Any CPU
		{01FCC9DB-370F-4523-9E69-DDA832112B94}.Debug|Any CPU.ActiveCfg = Debug|Any CPU
		{01FCC9DB-370F-4523-9E69-DDA832112B94}.Debug|Any CPU.Build.0 = Debug|Any CPU
		{01FCC9DB-370F-4523-9E69-DDA832112B94}.Release|Any CPU.ActiveCfg = Release|Any CPU
		{01FCC9DB-370F-4523-9E69-DDA832112B94}.Release|Any CPU.Build.0 = Release|Any CPU
	EndGlobalSection
	GlobalSection(SolutionProperties) = preSolution
		HideSolutionNode = FALSE
	EndGlobalSection
	GlobalSection(ExtensibilityGlobals) = postSolution
		SolutionGuid = {245518ED-2BD1-4808-B8DE-E3C9DCC163C2}
	EndGlobalSection
EndGlobal
